
Microsoft Visual Studio Solution File, Format Version 12.00
# Visual Studio 15
VisualStudioVersion = 15.0.28307.168
MinimumVisualStudioVersion = 10.0.40219.1
Project("{FAE04EC0-301F-11D3-BF4B-00C04F79EFBC}") = "MobilityTradeIn", "MobilityTradeIn\MobilityTradeIn.csproj", "{DBA846AE-2B73-4BC2-94EA-9EE5D25696F6}"
EndProject
Global
	GlobalSection(SolutionConfigurationPlatforms) = preSolution
		Debug|Any CPU = Debug|Any CPU
		Release|Any CPU = Release|Any CPU
	EndGlobalSection
	GlobalSection(ProjectConfigurationPlatforms) = postSolution
		{DBA846AE-2B73-4BC2-94EA-9EE5D25696F6}.Debug|Any CPU.ActiveCfg = Debug|Any CPU
		{DBA846AE-2B73-4BC2-94EA-9EE5D25696F6}.Debug|Any CPU.Build.0 = Debug|Any CPU
		{DBA846AE-2B73-4BC2-94EA-9EE5D25696F6}.Release|Any CPU.ActiveCfg = Release|Any CPU
		{DBA846AE-2B73-4BC2-94EA-9EE5D25696F6}.Release|Any CPU.Build.0 = Release|Any CPU
	EndGlobalSection
	GlobalSection(SolutionProperties) = preSolution
		HideSolutionNode = FALSE
	EndGlobalSection
	GlobalSection(ExtensibilityGlobals) = postSolution
		SolutionGuid = {F76A183E-FE4E-4933-949B-4EBDE2C59B06}
	EndGlobalSection
EndGlobal
